
Microsoft Visual Studio Solution File, Format Version 12.00
# Visual Studio 14
VisualStudioVersion = 14.0.25420.1
MinimumVisualStudioVersion = 10.0.40219.1
Project("{3466B219-07DB-46AE-8697-CFD2A1650EC8}") = "DataFactoryApp1", "DataFactoryApp1.dfproj", "{CB0BB975-CB65-432B-A48C-C39206257174}"
EndProject
Global
	GlobalSection(SolutionConfigurationPlatforms) = preSolution
		Debug|x86 = Debug|x86
		Release|x86 = Release|x86
	EndGlobalSection
	GlobalSection(ProjectConfigurationPlatforms) = postSolution
		{CB0BB975-CB65-432B-A48C-C39206257174}.Debug|x86.ActiveCfg = Debug|x86
		{CB0BB975-CB65-432B-A48C-C39206257174}.Debug|x86.Build.0 = Debug|x86
		{CB0BB975-CB65-432B-A48C-C39206257174}.Release|x86.ActiveCfg = Release|x86
		{CB0BB975-CB65-432B-A48C-C39206257174}.Release|x86.Build.0 = Release|x86
	EndGlobalSection
	GlobalSection(SolutionProperties) = preSolution
		HideSolutionNode = FALSE
	EndGlobalSection
EndGlobal
