
Microsoft Visual Studio Solution File, Format Version 12.00
# Visual Studio 15
VisualStudioVersion = 15.0.26403.7
MinimumVisualStudioVersion = 10.0.40219.1
Project("{FAE04EC0-301F-11D3-BF4B-00C04F79EFBC}") = "ArtistInfoLib", "ArtistInfoLib\ArtistInfoLib.csproj", "{1EB4F90E-5E9F-49F0-997E-EB3DE7EED75C}"
EndProject
Project("{FAE04EC0-301F-11D3-BF4B-00C04F79EFBC}") = "ArtistInfoAPI", "ArtistInfoAPI\ArtistInfoAPI.csproj", "{7579E906-C0DC-490B-AF1B-E79B94B1E291}"
EndProject
Project("{FAE04EC0-301F-11D3-BF4B-00C04F79EFBC}") = "ArtistInfoTest", "ArtistInfoTest\ArtistInfoTest.csproj", "{4DC2FEC2-0A2A-4A99-8ABC-3C6204BC4767}"
EndProject
Global
	GlobalSection(SolutionConfigurationPlatforms) = preSolution
		Debug|Any CPU = Debug|Any CPU
		Release|Any CPU = Release|Any CPU
	EndGlobalSection
	GlobalSection(ProjectConfigurationPlatforms) = postSolution
		{1EB4F90E-5E9F-49F0-997E-EB3DE7EED75C}.Debug|Any CPU.ActiveCfg = Debug|Any CPU
		{1EB4F90E-5E9F-49F0-997E-EB3DE7EED75C}.Debug|Any CPU.Build.0 = Debug|Any CPU
		{1EB4F90E-5E9F-49F0-997E-EB3DE7EED75C}.Release|Any CPU.ActiveCfg = Release|Any CPU
		{1EB4F90E-5E9F-49F0-997E-EB3DE7EED75C}.Release|Any CPU.Build.0 = Release|Any CPU
		{7579E906-C0DC-490B-AF1B-E79B94B1E291}.Debug|Any CPU.ActiveCfg = Debug|Any CPU
		{7579E906-C0DC-490B-AF1B-E79B94B1E291}.Debug|Any CPU.Build.0 = Debug|Any CPU
		{7579E906-C0DC-490B-AF1B-E79B94B1E291}.Release|Any CPU.ActiveCfg = Release|Any CPU
		{7579E906-C0DC-490B-AF1B-E79B94B1E291}.Release|Any CPU.Build.0 = Release|Any CPU
		{4DC2FEC2-0A2A-4A99-8ABC-3C6204BC4767}.Debug|Any CPU.ActiveCfg = Debug|Any CPU
		{4DC2FEC2-0A2A-4A99-8ABC-3C6204BC4767}.Debug|Any CPU.Build.0 = Debug|Any CPU
		{4DC2FEC2-0A2A-4A99-8ABC-3C6204BC4767}.Release|Any CPU.ActiveCfg = Release|Any CPU
		{4DC2FEC2-0A2A-4A99-8ABC-3C6204BC4767}.Release|Any CPU.Build.0 = Release|Any CPU
	EndGlobalSection
	GlobalSection(SolutionProperties) = preSolution
		HideSolutionNode = FALSE
	EndGlobalSection
EndGlobal
