
Microsoft Visual Studio Solution File, Format Version 12.00
# Visual Studio 14
VisualStudioVersion = 14.0.25420.1
MinimumVisualStudioVersion = 10.0.40219.1
Project("{FAE04EC0-301F-11D3-BF4B-00C04F79EFBC}") = "Endpoint_API", "Endpoint_API.csproj", "{B1B580B4-05D5-4EA6-8BB2-126A15DAD6B5}"
EndProject
Project("{FAE04EC0-301F-11D3-BF4B-00C04F79EFBC}") = "Endpoint_Cmd", "..\Endpoint_Cmd\Endpoint_Cmd.csproj", "{30A198C8-39D9-4C60-A6D1-BBCB86D7287A}"
EndProject
Global
	GlobalSection(SolutionConfigurationPlatforms) = preSolution
		Debug|Any CPU = Debug|Any CPU
		Release|Any CPU = Release|Any CPU
	EndGlobalSection
	GlobalSection(ProjectConfigurationPlatforms) = postSolution
		{B1B580B4-05D5-4EA6-8BB2-126A15DAD6B5}.Debug|Any CPU.ActiveCfg = Debug|Any CPU
		{B1B580B4-05D5-4EA6-8BB2-126A15DAD6B5}.Debug|Any CPU.Build.0 = Debug|Any CPU
		{B1B580B4-05D5-4EA6-8BB2-126A15DAD6B5}.Release|Any CPU.ActiveCfg = Release|Any CPU
		{B1B580B4-05D5-4EA6-8BB2-126A15DAD6B5}.Release|Any CPU.Build.0 = Release|Any CPU
		{30A198C8-39D9-4C60-A6D1-BBCB86D7287A}.Debug|Any CPU.ActiveCfg = Debug|Any CPU
		{30A198C8-39D9-4C60-A6D1-BBCB86D7287A}.Debug|Any CPU.Build.0 = Debug|Any CPU
		{30A198C8-39D9-4C60-A6D1-BBCB86D7287A}.Release|Any CPU.ActiveCfg = Release|Any CPU
		{30A198C8-39D9-4C60-A6D1-BBCB86D7287A}.Release|Any CPU.Build.0 = Release|Any CPU
	EndGlobalSection
	GlobalSection(SolutionProperties) = preSolution
		HideSolutionNode = FALSE
	EndGlobalSection
EndGlobal
